
Microsoft Visual Studio Solution File, Format Version 12.00
# Visual Studio 15
VisualStudioVersion = 15.0.27130.2036
MinimumVisualStudioVersion = 10.0.40219.1
Project("{FAE04EC0-301F-11D3-BF4B-00C04F79EFBC}") = "Gighub", "Gighub\Gighub.csproj", "{89FDD7F6-13DC-4C73-974A-4457A0D44DC5}"
EndProject
Global
	GlobalSection(SolutionConfigurationPlatforms) = preSolution
		Debug|Any CPU = Debug|Any CPU
		Release|Any CPU = Release|Any CPU
	EndGlobalSection
	GlobalSection(ProjectConfigurationPlatforms) = postSolution
		{89FDD7F6-13DC-4C73-974A-4457A0D44DC5}.Debug|Any CPU.ActiveCfg = Debug|Any CPU
		{89FDD7F6-13DC-4C73-974A-4457A0D44DC5}.Debug|Any CPU.Build.0 = Debug|Any CPU
		{89FDD7F6-13DC-4C73-974A-4457A0D44DC5}.Release|Any CPU.ActiveCfg = Release|Any CPU
		{89FDD7F6-13DC-4C73-974A-4457A0D44DC5}.Release|Any CPU.Build.0 = Release|Any CPU
	EndGlobalSection
	GlobalSection(SolutionProperties) = preSolution
		HideSolutionNode = FALSE
	EndGlobalSection
	GlobalSection(ExtensibilityGlobals) = postSolution
		SolutionGuid = {F53D97E6-673C-4957-9436-524BCD6637E9}
	EndGlobalSection
EndGlobal
