
Microsoft Visual Studio Solution File, Format Version 12.00
# Visual Studio 15
VisualStudioVersion = 15.0.27004.2010
MinimumVisualStudioVersion = 10.0.40219.1
Project("{FAE04EC0-301F-11D3-BF4B-00C04F79EFBC}") = "BugReportingDB", "BugReportingDB\BugReportingDB.csproj", "{221CA749-1B32-4E17-A757-F97BDCA3A72C}"
EndProject
Global
	GlobalSection(SolutionConfigurationPlatforms) = preSolution
		Debug|Any CPU = Debug|Any CPU
		Release|Any CPU = Release|Any CPU
	EndGlobalSection
	GlobalSection(ProjectConfigurationPlatforms) = postSolution
		{221CA749-1B32-4E17-A757-F97BDCA3A72C}.Debug|Any CPU.ActiveCfg = Debug|Any CPU
		{221CA749-1B32-4E17-A757-F97BDCA3A72C}.Debug|Any CPU.Build.0 = Debug|Any CPU
		{221CA749-1B32-4E17-A757-F97BDCA3A72C}.Release|Any CPU.ActiveCfg = Release|Any CPU
		{221CA749-1B32-4E17-A757-F97BDCA3A72C}.Release|Any CPU.Build.0 = Release|Any CPU
	EndGlobalSection
	GlobalSection(SolutionProperties) = preSolution
		HideSolutionNode = FALSE
	EndGlobalSection
	GlobalSection(ExtensibilityGlobals) = postSolution
		SolutionGuid = {50BB3E3D-04A0-40A2-9B88-22CC710CE032}
	EndGlobalSection
EndGlobal
