
Microsoft Visual Studio Solution File, Format Version 12.00
# Visual Studio 15
VisualStudioVersion = 15.0.26730.16
MinimumVisualStudioVersion = 10.0.40219.1
Project("{FAE04EC0-301F-11D3-BF4B-00C04F79EFBC}") = "UnderstandingInheritance", "UnderstandingInheritance\UnderstandingInheritance.csproj", "{E2F39EC0-28C4-437E-A8D6-B0A57495463A}"
EndProject
Global
	GlobalSection(SolutionConfigurationPlatforms) = preSolution
		Debug|Any CPU = Debug|Any CPU
		Release|Any CPU = Release|Any CPU
	EndGlobalSection
	GlobalSection(ProjectConfigurationPlatforms) = postSolution
		{E2F39EC0-28C4-437E-A8D6-B0A57495463A}.Debug|Any CPU.ActiveCfg = Debug|Any CPU
		{E2F39EC0-28C4-437E-A8D6-B0A57495463A}.Debug|Any CPU.Build.0 = Debug|Any CPU
		{E2F39EC0-28C4-437E-A8D6-B0A57495463A}.Release|Any CPU.ActiveCfg = Release|Any CPU
		{E2F39EC0-28C4-437E-A8D6-B0A57495463A}.Release|Any CPU.Build.0 = Release|Any CPU
	EndGlobalSection
	GlobalSection(SolutionProperties) = preSolution
		HideSolutionNode = FALSE
	EndGlobalSection
	GlobalSection(ExtensibilityGlobals) = postSolution
		SolutionGuid = {EB806D02-3324-4078-A9D4-7B33E9E3BD11}
	EndGlobalSection
EndGlobal
