
Microsoft Visual Studio Solution File, Format Version 12.00
# Visual Studio 15
VisualStudioVersion = 15.0.27130.2036
MinimumVisualStudioVersion = 10.0.40219.1
Project("{FAE04EC0-301F-11D3-BF4B-00C04F79EFBC}") = "trashme.Data", "trashmeConsoleApp2\trashme.Data.csproj", "{769F5F8A-9091-4048-BCB4-0D92738C4C28}"
EndProject
Project("{FAE04EC0-301F-11D3-BF4B-00C04F79EFBC}") = "trashme.UI", "trashme.UI\trashme.UI.csproj", "{C2542CE2-0327-4948-82A9-982B089013BE}"
EndProject
Project("{FAE04EC0-301F-11D3-BF4B-00C04F79EFBC}") = "trashme.BL", "trashme.BL\trashme.BL.csproj", "{C31677EF-D3DA-4DA3-8C2A-7E9E53218655}"
EndProject
Project("{2150E333-8FDC-42A3-9474-1A3956D46DE8}") = "Tests", "Tests", "{450FEF24-F31F-45FA-986F-F0BA4E9D3039}"
EndProject
Project("{FAE04EC0-301F-11D3-BF4B-00C04F79EFBC}") = "trashme.BLTest", "trashme.BLTest\trashme.BLTest.csproj", "{34B40C5C-719C-42E0-9FE3-0C52F7666F1C}"
EndProject
Global
	GlobalSection(SolutionConfigurationPlatforms) = preSolution
		Debug|Any CPU = Debug|Any CPU
		Release|Any CPU = Release|Any CPU
	EndGlobalSection
	GlobalSection(ProjectConfigurationPlatforms) = postSolution
		{769F5F8A-9091-4048-BCB4-0D92738C4C28}.Debug|Any CPU.ActiveCfg = Debug|Any CPU
		{769F5F8A-9091-4048-BCB4-0D92738C4C28}.Debug|Any CPU.Build.0 = Debug|Any CPU
		{769F5F8A-9091-4048-BCB4-0D92738C4C28}.Release|Any CPU.ActiveCfg = Release|Any CPU
		{769F5F8A-9091-4048-BCB4-0D92738C4C28}.Release|Any CPU.Build.0 = Release|Any CPU
		{C2542CE2-0327-4948-82A9-982B089013BE}.Debug|Any CPU.ActiveCfg = Debug|Any CPU
		{C2542CE2-0327-4948-82A9-982B089013BE}.Debug|Any CPU.Build.0 = Debug|Any CPU
		{C2542CE2-0327-4948-82A9-982B089013BE}.Release|Any CPU.ActiveCfg = Release|Any CPU
		{C2542CE2-0327-4948-82A9-982B089013BE}.Release|Any CPU.Build.0 = Release|Any CPU
		{C31677EF-D3DA-4DA3-8C2A-7E9E53218655}.Debug|Any CPU.ActiveCfg = Debug|Any CPU
		{C31677EF-D3DA-4DA3-8C2A-7E9E53218655}.Debug|Any CPU.Build.0 = Debug|Any CPU
		{C31677EF-D3DA-4DA3-8C2A-7E9E53218655}.Release|Any CPU.ActiveCfg = Release|Any CPU
		{C31677EF-D3DA-4DA3-8C2A-7E9E53218655}.Release|Any CPU.Build.0 = Release|Any CPU
		{34B40C5C-719C-42E0-9FE3-0C52F7666F1C}.Debug|Any CPU.ActiveCfg = Debug|Any CPU
		{34B40C5C-719C-42E0-9FE3-0C52F7666F1C}.Debug|Any CPU.Build.0 = Debug|Any CPU
		{34B40C5C-719C-42E0-9FE3-0C52F7666F1C}.Release|Any CPU.ActiveCfg = Release|Any CPU
		{34B40C5C-719C-42E0-9FE3-0C52F7666F1C}.Release|Any CPU.Build.0 = Release|Any CPU
	EndGlobalSection
	GlobalSection(SolutionProperties) = preSolution
		HideSolutionNode = FALSE
	EndGlobalSection
	GlobalSection(NestedProjects) = preSolution
		{34B40C5C-719C-42E0-9FE3-0C52F7666F1C} = {450FEF24-F31F-45FA-986F-F0BA4E9D3039}
	EndGlobalSection
	GlobalSection(ExtensibilityGlobals) = postSolution
		SolutionGuid = {21589A2A-394F-4299-9651-D727BA15293B}
	EndGlobalSection
EndGlobal
