
Microsoft Visual Studio Solution File, Format Version 12.00
# Visual Studio 15
VisualStudioVersion = 15.0.27130.2010
MinimumVisualStudioVersion = 10.0.40219.1
Project("{FAE04EC0-301F-11D3-BF4B-00C04F79EFBC}") = "MyStore", "MyStore\MyStore.csproj", "{19C166B8-BB6D-4F00-8EDD-DFD544205378}"
EndProject
Project("{FAE04EC0-301F-11D3-BF4B-00C04F79EFBC}") = "MyStoreTests", "MyStoreTests\MyStoreTests.csproj", "{7D8F4D22-801B-40E2-AC56-BFBAC22FA95A}"
EndProject
Global
	GlobalSection(SolutionConfigurationPlatforms) = preSolution
		Debug|Any CPU = Debug|Any CPU
		Release|Any CPU = Release|Any CPU
	EndGlobalSection
	GlobalSection(ProjectConfigurationPlatforms) = postSolution
		{19C166B8-BB6D-4F00-8EDD-DFD544205378}.Debug|Any CPU.ActiveCfg = Debug|Any CPU
		{19C166B8-BB6D-4F00-8EDD-DFD544205378}.Debug|Any CPU.Build.0 = Debug|Any CPU
		{19C166B8-BB6D-4F00-8EDD-DFD544205378}.Release|Any CPU.ActiveCfg = Release|Any CPU
		{19C166B8-BB6D-4F00-8EDD-DFD544205378}.Release|Any CPU.Build.0 = Release|Any CPU
		{7D8F4D22-801B-40E2-AC56-BFBAC22FA95A}.Debug|Any CPU.ActiveCfg = Debug|Any CPU
		{7D8F4D22-801B-40E2-AC56-BFBAC22FA95A}.Debug|Any CPU.Build.0 = Debug|Any CPU
		{7D8F4D22-801B-40E2-AC56-BFBAC22FA95A}.Release|Any CPU.ActiveCfg = Release|Any CPU
		{7D8F4D22-801B-40E2-AC56-BFBAC22FA95A}.Release|Any CPU.Build.0 = Release|Any CPU
	EndGlobalSection
	GlobalSection(SolutionProperties) = preSolution
		HideSolutionNode = FALSE
	EndGlobalSection
	GlobalSection(ExtensibilityGlobals) = postSolution
		SolutionGuid = {5C50DCF1-84DA-4FFC-B424-5A353C8EDE24}
	EndGlobalSection
EndGlobal
